// !$*UTF8*$!
{
	archiveVersion = 1;
	classes = {
	};
	objectVersion = 51;
	objects = {

/* Begin PBXBuildFile section */
		312B65CDD5941A10E1D8E99A /* Pods_Split_Bill.framework in Frameworks */ = {isa = PBXBuildFile; fileRef = 5849E71436ACE9DBCC1FB20E /* Pods_Split_Bill.framework */; };
		661FB37522AD67B9002D1BE2 /* Bill.swift in Sources */ = {isa = PBXBuildFile; fileRef = 661FB37422AD67B9002D1BE2 /* Bill.swift */; };
		661FB37722AD68B3002D1BE2 /* AmountView.swift in Sources */ = {isa = PBXBuildFile; fileRef = 661FB37622AD68B3002D1BE2 /* AmountView.swift */; };
		661FB37922AD69C0002D1BE2 /* AmountViewModel.swift in Sources */ = {isa = PBXBuildFile; fileRef = 661FB37822AD69C0002D1BE2 /* AmountViewModel.swift */; };
		661FB37C22AD9FDC002D1BE2 /* NumberConverter.swift in Sources */ = {isa = PBXBuildFile; fileRef = 661FB37B22AD9FDC002D1BE2 /* NumberConverter.swift */; };
		661FB38122ADAC11002D1BE2 /* Result.storyboard in Resources */ = {isa = PBXBuildFile; fileRef = 661FB38022ADAC11002D1BE2 /* Result.storyboard */; };
		661FB38322ADB10F002D1BE2 /* PeopleViewModel.swift in Sources */ = {isa = PBXBuildFile; fileRef = 661FB38222ADB10E002D1BE2 /* PeopleViewModel.swift */; };
		662E128822B823AC0083EBB6 /* BreakdownView.swift in Sources */ = {isa = PBXBuildFile; fileRef = 662E128722B823AC0083EBB6 /* BreakdownView.swift */; };
		662E128A22B824070083EBB6 /* BreakdownView.xib in Resources */ = {isa = PBXBuildFile; fileRef = 662E128922B824070083EBB6 /* BreakdownView.xib */; };
		6634CA6322B5708600C8663A /* NumberManipulator.swift in Sources */ = {isa = PBXBuildFile; fileRef = 6634CA6222B5708600C8663A /* NumberManipulator.swift */; };
		6634CA6522B5886A00C8663A /* Currency.swift in Sources */ = {isa = PBXBuildFile; fileRef = 6634CA6422B5886A00C8663A /* Currency.swift */; };
		66452A7222AD44EA00353ED6 /* TipViewController.swift in Sources */ = {isa = PBXBuildFile; fileRef = 66452A7122AD44EA00353ED6 /* TipViewController.swift */; };
		66452A7422AD44FB00353ED6 /* Tip.storyboard in Resources */ = {isa = PBXBuildFile; fileRef = 66452A7322AD44FB00353ED6 /* Tip.storyboard */; };
		664B32BE22B326BC003E2BBC /* ResultViewController.swift in Sources */ = {isa = PBXBuildFile; fileRef = 664B32BD22B326BC003E2BBC /* ResultViewController.swift */; };
		664B32C122B326EA003E2BBC /* ResultViewModel.swift in Sources */ = {isa = PBXBuildFile; fileRef = 664B32C022B326EA003E2BBC /* ResultViewModel.swift */; };
		664B32C322B32712003E2BBC /* ResultView.swift in Sources */ = {isa = PBXBuildFile; fileRef = 664B32C222B32712003E2BBC /* ResultView.swift */; };
		6664699D22AD30FD00EC2C00 /* AppDelegate.swift in Sources */ = {isa = PBXBuildFile; fileRef = 6664699C22AD30FD00EC2C00 /* AppDelegate.swift */; };
		666469A422AD30FE00EC2C00 /* Assets.xcassets in Resources */ = {isa = PBXBuildFile; fileRef = 666469A322AD30FE00EC2C00 /* Assets.xcassets */; };
		666469A722AD30FE00EC2C00 /* LaunchScreen.storyboard in Resources */ = {isa = PBXBuildFile; fileRef = 666469A522AD30FE00EC2C00 /* LaunchScreen.storyboard */; };
		666469B222AD30FE00EC2C00 /* Split_BillTests.swift in Sources */ = {isa = PBXBuildFile; fileRef = 666469B122AD30FE00EC2C00 /* Split_BillTests.swift */; };
		666469BD22AD30FE00EC2C00 /* Split_BillUITests.swift in Sources */ = {isa = PBXBuildFile; fileRef = 666469BC22AD30FE00EC2C00 /* Split_BillUITests.swift */; };
		666469CF22AD315D00EC2C00 /* AmountViewController.swift in Sources */ = {isa = PBXBuildFile; fileRef = 666469CD22AD315D00EC2C00 /* AmountViewController.swift */; };
		66A67F0122B5A96E006C8916 /* CardView.swift in Sources */ = {isa = PBXBuildFile; fileRef = 66A67F0022B5A96E006C8916 /* CardView.swift */; };
		66A9A9E722AD3436003E25D0 /* Amount.storyboard in Resources */ = {isa = PBXBuildFile; fileRef = 66A9A9E622AD3436003E25D0 /* Amount.storyboard */; };
		66A9A9EC22AD3DF7003E25D0 /* PeopleViewController.swift in Sources */ = {isa = PBXBuildFile; fileRef = 66A9A9EB22AD3DF7003E25D0 /* PeopleViewController.swift */; };
		66A9A9EE22AD3E0C003E25D0 /* People.storyboard in Resources */ = {isa = PBXBuildFile; fileRef = 66A9A9ED22AD3E0C003E25D0 /* People.storyboard */; };
		66FFD03F22B1721000CEEF91 /* PeopleView.swift in Sources */ = {isa = PBXBuildFile; fileRef = 66FFD03E22B1721000CEEF91 /* PeopleView.swift */; };
		66FFD04322B1808500CEEF91 /* TipViewModel.swift in Sources */ = {isa = PBXBuildFile; fileRef = 66FFD04222B1808500CEEF91 /* TipViewModel.swift */; };
		66FFD04522B180BE00CEEF91 /* TipView.swift in Sources */ = {isa = PBXBuildFile; fileRef = 66FFD04422B180BE00CEEF91 /* TipView.swift */; };
		97507CDA0F3E66194C1FF802 /* Pods_Split_Bill_Split_BillUITests.framework in Frameworks */ = {isa = PBXBuildFile; fileRef = ECA1B9D6957883283736CAB1 /* Pods_Split_Bill_Split_BillUITests.framework */; };
		AFA17DB88C4FDB92F38CE004 /* Pods_Split_BillTests.framework in Frameworks */ = {isa = PBXBuildFile; fileRef = 755945D1272FE3CA3080FCBC /* Pods_Split_BillTests.framework */; };
		F86C964023C0341C00BF865F /* DatabaseManager.swift in Sources */ = {isa = PBXBuildFile; fileRef = F86C963F23C0341C00BF865F /* DatabaseManager.swift */; };
		F86C964323C0366400BF865F /* BillObject.swift in Sources */ = {isa = PBXBuildFile; fileRef = F86C964223C0366400BF865F /* BillObject.swift */; };
		F86C964623C0402800BF865F /* ResultRepository.swift in Sources */ = {isa = PBXBuildFile; fileRef = F86C964523C0402800BF865F /* ResultRepository.swift */; };
		F86C964823C0406900BF865F /* ResultRepositoryImplementation.swift in Sources */ = {isa = PBXBuildFile; fileRef = F86C964723C0406900BF865F /* ResultRepositoryImplementation.swift */; };
		F86C964D23C0F6F900BF865F /* HistoryViewModel.swift in Sources */ = {isa = PBXBuildFile; fileRef = F86C964C23C0F6F900BF865F /* HistoryViewModel.swift */; };
		F86C964F23C0F71300BF865F /* HistoryView.swift in Sources */ = {isa = PBXBuildFile; fileRef = F86C964E23C0F71300BF865F /* HistoryView.swift */; };
		F86C965123C0F72F00BF865F /* HistoryTableViewController.swift in Sources */ = {isa = PBXBuildFile; fileRef = F86C965023C0F72F00BF865F /* HistoryTableViewController.swift */; };
		F86C965323C0F75200BF865F /* History.storyboard in Resources */ = {isa = PBXBuildFile; fileRef = F86C965223C0F75200BF865F /* History.storyboard */; };
		F86C965623C1009000BF865F /* HistoryRepository.swift in Sources */ = {isa = PBXBuildFile; fileRef = F86C965523C1009000BF865F /* HistoryRepository.swift */; };
		F86C965823C100A300BF865F /* HistoryRepositoryImplementation.swift in Sources */ = {isa = PBXBuildFile; fileRef = F86C965723C100A300BF865F /* HistoryRepositoryImplementation.swift */; };
		F8D67B3923C218B5001F2B8A /* HistoryTableViewCell.swift in Sources */ = {isa = PBXBuildFile; fileRef = F8D67B3823C218B5001F2B8A /* HistoryTableViewCell.swift */; };
		F8DA272E23E6A46900F8868B /* LocationUtility.swift in Sources */ = {isa = PBXBuildFile; fileRef = F8DA272D23E6A46900F8868B /* LocationUtility.swift */; };
/* End PBXBuildFile section */

/* Begin PBXContainerItemProxy section */
		666469AE22AD30FE00EC2C00 /* PBXContainerItemProxy */ = {
			isa = PBXContainerItemProxy;
			containerPortal = 6664699122AD30FD00EC2C00 /* Project object */;
			proxyType = 1;
			remoteGlobalIDString = 6664699822AD30FD00EC2C00;
			remoteInfo = "Split Bill";
		};
		666469B922AD30FE00EC2C00 /* PBXContainerItemProxy */ = {
			isa = PBXContainerItemProxy;
			containerPortal = 6664699122AD30FD00EC2C00 /* Project object */;
			proxyType = 1;
			remoteGlobalIDString = 6664699822AD30FD00EC2C00;
			remoteInfo = "Split Bill";
		};
/* End PBXContainerItemProxy section */

/* Begin PBXFileReference section */
		0FB81943B911DAD0023ABBB9 /* Pods-Split BillTests.debug.xcconfig */ = {isa = PBXFileReference; includeInIndex = 1; lastKnownFileType = text.xcconfig; name = "Pods-Split BillTests.debug.xcconfig"; path = "Target Support Files/Pods-Split BillTests/Pods-Split BillTests.debug.xcconfig"; sourceTree = "<group>"; };
		30597940ED18A95533BED21B /* Pods-Split Bill.debug.xcconfig */ = {isa = PBXFileReference; includeInIndex = 1; lastKnownFileType = text.xcconfig; name = "Pods-Split Bill.debug.xcconfig"; path = "Target Support Files/Pods-Split Bill/Pods-Split Bill.debug.xcconfig"; sourceTree = "<group>"; };
		481C0B143767EA37182942D2 /* Pods-Split BillTests.release.xcconfig */ = {isa = PBXFileReference; includeInIndex = 1; lastKnownFileType = text.xcconfig; name = "Pods-Split BillTests.release.xcconfig"; path = "Target Support Files/Pods-Split BillTests/Pods-Split BillTests.release.xcconfig"; sourceTree = "<group>"; };
		4B7B39078B1CC6948ACE652D /* Pods-Split Bill.release.xcconfig */ = {isa = PBXFileReference; includeInIndex = 1; lastKnownFileType = text.xcconfig; name = "Pods-Split Bill.release.xcconfig"; path = "Target Support Files/Pods-Split Bill/Pods-Split Bill.release.xcconfig"; sourceTree = "<group>"; };
		5849E71436ACE9DBCC1FB20E /* Pods_Split_Bill.framework */ = {isa = PBXFileReference; explicitFileType = wrapper.framework; includeInIndex = 0; path = Pods_Split_Bill.framework; sourceTree = BUILT_PRODUCTS_DIR; };
		661FB37422AD67B9002D1BE2 /* Bill.swift */ = {isa = PBXFileReference; lastKnownFileType = sourcecode.swift; path = Bill.swift; sourceTree = "<group>"; };
		661FB37622AD68B3002D1BE2 /* AmountView.swift */ = {isa = PBXFileReference; lastKnownFileType = sourcecode.swift; path = AmountView.swift; sourceTree = "<group>"; };
		661FB37822AD69C0002D1BE2 /* AmountViewModel.swift */ = {isa = PBXFileReference; lastKnownFileType = sourcecode.swift; path = AmountViewModel.swift; sourceTree = "<group>"; };
		661FB37B22AD9FDC002D1BE2 /* NumberConverter.swift */ = {isa = PBXFileReference; lastKnownFileType = sourcecode.swift; path = NumberConverter.swift; sourceTree = "<group>"; };
		661FB38022ADAC11002D1BE2 /* Result.storyboard */ = {isa = PBXFileReference; lastKnownFileType = file.storyboard; path = Result.storyboard; sourceTree = "<group>"; };
		661FB38222ADB10E002D1BE2 /* PeopleViewModel.swift */ = {isa = PBXFileReference; lastKnownFileType = sourcecode.swift; path = PeopleViewModel.swift; sourceTree = "<group>"; };
		662E128722B823AC0083EBB6 /* BreakdownView.swift */ = {isa = PBXFileReference; lastKnownFileType = sourcecode.swift; path = BreakdownView.swift; sourceTree = "<group>"; };
		662E128922B824070083EBB6 /* BreakdownView.xib */ = {isa = PBXFileReference; lastKnownFileType = file.xib; path = BreakdownView.xib; sourceTree = "<group>"; };
		6634CA6222B5708600C8663A /* NumberManipulator.swift */ = {isa = PBXFileReference; lastKnownFileType = sourcecode.swift; path = NumberManipulator.swift; sourceTree = "<group>"; };
		6634CA6422B5886A00C8663A /* Currency.swift */ = {isa = PBXFileReference; lastKnownFileType = sourcecode.swift; path = Currency.swift; sourceTree = "<group>"; };
		66452A7122AD44EA00353ED6 /* TipViewController.swift */ = {isa = PBXFileReference; lastKnownFileType = sourcecode.swift; path = TipViewController.swift; sourceTree = "<group>"; };
		66452A7322AD44FB00353ED6 /* Tip.storyboard */ = {isa = PBXFileReference; lastKnownFileType = file.storyboard; path = Tip.storyboard; sourceTree = "<group>"; };
		664B32BD22B326BC003E2BBC /* ResultViewController.swift */ = {isa = PBXFileReference; lastKnownFileType = sourcecode.swift; path = ResultViewController.swift; sourceTree = "<group>"; };
		664B32C022B326EA003E2BBC /* ResultViewModel.swift */ = {isa = PBXFileReference; lastKnownFileType = sourcecode.swift; path = ResultViewModel.swift; sourceTree = "<group>"; };
		664B32C222B32712003E2BBC /* ResultView.swift */ = {isa = PBXFileReference; lastKnownFileType = sourcecode.swift; path = ResultView.swift; sourceTree = "<group>"; };
		6664699922AD30FD00EC2C00 /* Split Bill.app */ = {isa = PBXFileReference; explicitFileType = wrapper.application; includeInIndex = 0; path = "Split Bill.app"; sourceTree = BUILT_PRODUCTS_DIR; };
		6664699C22AD30FD00EC2C00 /* AppDelegate.swift */ = {isa = PBXFileReference; lastKnownFileType = sourcecode.swift; path = AppDelegate.swift; sourceTree = "<group>"; };
		666469A322AD30FE00EC2C00 /* Assets.xcassets */ = {isa = PBXFileReference; lastKnownFileType = folder.assetcatalog; path = Assets.xcassets; sourceTree = "<group>"; };
		666469A622AD30FE00EC2C00 /* Base */ = {isa = PBXFileReference; lastKnownFileType = file.storyboard; name = Base; path = Base.lproj/LaunchScreen.storyboard; sourceTree = "<group>"; };
		666469A822AD30FE00EC2C00 /* Info.plist */ = {isa = PBXFileReference; lastKnownFileType = text.plist.xml; path = Info.plist; sourceTree = "<group>"; };
		666469AD22AD30FE00EC2C00 /* Split BillTests.xctest */ = {isa = PBXFileReference; explicitFileType = wrapper.cfbundle; includeInIndex = 0; path = "Split BillTests.xctest"; sourceTree = BUILT_PRODUCTS_DIR; };
		666469B122AD30FE00EC2C00 /* Split_BillTests.swift */ = {isa = PBXFileReference; lastKnownFileType = sourcecode.swift; path = Split_BillTests.swift; sourceTree = "<group>"; };
		666469B322AD30FE00EC2C00 /* Info.plist */ = {isa = PBXFileReference; lastKnownFileType = text.plist.xml; path = Info.plist; sourceTree = "<group>"; };
		666469B822AD30FE00EC2C00 /* Split BillUITests.xctest */ = {isa = PBXFileReference; explicitFileType = wrapper.cfbundle; includeInIndex = 0; path = "Split BillUITests.xctest"; sourceTree = BUILT_PRODUCTS_DIR; };
		666469BC22AD30FE00EC2C00 /* Split_BillUITests.swift */ = {isa = PBXFileReference; lastKnownFileType = sourcecode.swift; path = Split_BillUITests.swift; sourceTree = "<group>"; };
		666469BE22AD30FE00EC2C00 /* Info.plist */ = {isa = PBXFileReference; lastKnownFileType = text.plist.xml; path = Info.plist; sourceTree = "<group>"; };
		666469CD22AD315D00EC2C00 /* AmountViewController.swift */ = {isa = PBXFileReference; lastKnownFileType = sourcecode.swift; path = AmountViewController.swift; sourceTree = "<group>"; };
		66A67F0022B5A96E006C8916 /* CardView.swift */ = {isa = PBXFileReference; lastKnownFileType = sourcecode.swift; path = CardView.swift; sourceTree = "<group>"; };
		66A9A9E622AD3436003E25D0 /* Amount.storyboard */ = {isa = PBXFileReference; lastKnownFileType = file.storyboard; path = Amount.storyboard; sourceTree = "<group>"; };
		66A9A9EB22AD3DF7003E25D0 /* PeopleViewController.swift */ = {isa = PBXFileReference; lastKnownFileType = sourcecode.swift; path = PeopleViewController.swift; sourceTree = "<group>"; };
		66A9A9ED22AD3E0C003E25D0 /* People.storyboard */ = {isa = PBXFileReference; lastKnownFileType = file.storyboard; path = People.storyboard; sourceTree = "<group>"; };
		66FFD03E22B1721000CEEF91 /* PeopleView.swift */ = {isa = PBXFileReference; lastKnownFileType = sourcecode.swift; path = PeopleView.swift; sourceTree = "<group>"; };
		66FFD04222B1808500CEEF91 /* TipViewModel.swift */ = {isa = PBXFileReference; lastKnownFileType = sourcecode.swift; path = TipViewModel.swift; sourceTree = "<group>"; };
		66FFD04422B180BE00CEEF91 /* TipView.swift */ = {isa = PBXFileReference; lastKnownFileType = sourcecode.swift; path = TipView.swift; sourceTree = "<group>"; };
		755945D1272FE3CA3080FCBC /* Pods_Split_BillTests.framework */ = {isa = PBXFileReference; explicitFileType = wrapper.framework; includeInIndex = 0; path = Pods_Split_BillTests.framework; sourceTree = BUILT_PRODUCTS_DIR; };
		A30125E312F691AC10BA75AC /* Pods-Split Bill-Split BillUITests.debug.xcconfig */ = {isa = PBXFileReference; includeInIndex = 1; lastKnownFileType = text.xcconfig; name = "Pods-Split Bill-Split BillUITests.debug.xcconfig"; path = "Target Support Files/Pods-Split Bill-Split BillUITests/Pods-Split Bill-Split BillUITests.debug.xcconfig"; sourceTree = "<group>"; };
		C38A0B5347BAF4AEDB633F14 /* Pods-Split Bill-Split BillUITests.release.xcconfig */ = {isa = PBXFileReference; includeInIndex = 1; lastKnownFileType = text.xcconfig; name = "Pods-Split Bill-Split BillUITests.release.xcconfig"; path = "Target Support Files/Pods-Split Bill-Split BillUITests/Pods-Split Bill-Split BillUITests.release.xcconfig"; sourceTree = "<group>"; };
		ECA1B9D6957883283736CAB1 /* Pods_Split_Bill_Split_BillUITests.framework */ = {isa = PBXFileReference; explicitFileType = wrapper.framework; includeInIndex = 0; path = Pods_Split_Bill_Split_BillUITests.framework; sourceTree = BUILT_PRODUCTS_DIR; };
		F86C963F23C0341C00BF865F /* DatabaseManager.swift */ = {isa = PBXFileReference; lastKnownFileType = sourcecode.swift; path = DatabaseManager.swift; sourceTree = "<group>"; };
		F86C964223C0366400BF865F /* BillObject.swift */ = {isa = PBXFileReference; lastKnownFileType = sourcecode.swift; path = BillObject.swift; sourceTree = "<group>"; };
		F86C964523C0402800BF865F /* ResultRepository.swift */ = {isa = PBXFileReference; lastKnownFileType = sourcecode.swift; path = ResultRepository.swift; sourceTree = "<group>"; };
		F86C964723C0406900BF865F /* ResultRepositoryImplementation.swift */ = {isa = PBXFileReference; lastKnownFileType = sourcecode.swift; path = ResultRepositoryImplementation.swift; sourceTree = "<group>"; };
		F86C964C23C0F6F900BF865F /* HistoryViewModel.swift */ = {isa = PBXFileReference; lastKnownFileType = sourcecode.swift; path = HistoryViewModel.swift; sourceTree = "<group>"; };
		F86C964E23C0F71300BF865F /* HistoryView.swift */ = {isa = PBXFileReference; lastKnownFileType = sourcecode.swift; path = HistoryView.swift; sourceTree = "<group>"; };
		F86C965023C0F72F00BF865F /* HistoryTableViewController.swift */ = {isa = PBXFileReference; lastKnownFileType = sourcecode.swift; path = HistoryTableViewController.swift; sourceTree = "<group>"; };
		F86C965223C0F75200BF865F /* History.storyboard */ = {isa = PBXFileReference; lastKnownFileType = file.storyboard; path = History.storyboard; sourceTree = "<group>"; };
		F86C965523C1009000BF865F /* HistoryRepository.swift */ = {isa = PBXFileReference; lastKnownFileType = sourcecode.swift; path = HistoryRepository.swift; sourceTree = "<group>"; };
		F86C965723C100A300BF865F /* HistoryRepositoryImplementation.swift */ = {isa = PBXFileReference; lastKnownFileType = sourcecode.swift; path = HistoryRepositoryImplementation.swift; sourceTree = "<group>"; };
		F8D67B3823C218B5001F2B8A /* HistoryTableViewCell.swift */ = {isa = PBXFileReference; lastKnownFileType = sourcecode.swift; path = HistoryTableViewCell.swift; sourceTree = "<group>"; };
		F8DA272D23E6A46900F8868B /* LocationUtility.swift */ = {isa = PBXFileReference; lastKnownFileType = sourcecode.swift; path = LocationUtility.swift; sourceTree = "<group>"; };
/* End PBXFileReference section */

/* Begin PBXFrameworksBuildPhase section */
		6664699622AD30FD00EC2C00 /* Frameworks */ = {
			isa = PBXFrameworksBuildPhase;
			buildActionMask = 2147483647;
			files = (
				312B65CDD5941A10E1D8E99A /* Pods_Split_Bill.framework in Frameworks */,
			);
			runOnlyForDeploymentPostprocessing = 0;
		};
		666469AA22AD30FE00EC2C00 /* Frameworks */ = {
			isa = PBXFrameworksBuildPhase;
			buildActionMask = 2147483647;
			files = (
				AFA17DB88C4FDB92F38CE004 /* Pods_Split_BillTests.framework in Frameworks */,
			);
			runOnlyForDeploymentPostprocessing = 0;
		};
		666469B522AD30FE00EC2C00 /* Frameworks */ = {
			isa = PBXFrameworksBuildPhase;
			buildActionMask = 2147483647;
			files = (
				97507CDA0F3E66194C1FF802 /* Pods_Split_Bill_Split_BillUITests.framework in Frameworks */,
			);
			runOnlyForDeploymentPostprocessing = 0;
		};
/* End PBXFrameworksBuildPhase section */

/* Begin PBXGroup section */
		661FB37322AD67A6002D1BE2 /* Model */ = {
			isa = PBXGroup;
			children = (
				661FB37422AD67B9002D1BE2 /* Bill.swift */,
			);
			path = Model;
			sourceTree = "<group>";
		};
		661FB37A22AD9FC9002D1BE2 /* Utilities */ = {
			isa = PBXGroup;
			children = (
				661FB37B22AD9FDC002D1BE2 /* NumberConverter.swift */,
				6634CA6222B5708600C8663A /* NumberManipulator.swift */,
				6634CA6422B5886A00C8663A /* Currency.swift */,
				F8DA272D23E6A46900F8868B /* LocationUtility.swift */,
			);
			path = Utilities;
			sourceTree = "<group>";
		};
		661FB37F22ADABF7002D1BE2 /* View */ = {
			isa = PBXGroup;
			children = (
				661FB38022ADAC11002D1BE2 /* Result.storyboard */,
				664B32BD22B326BC003E2BBC /* ResultViewController.swift */,
				664B32C222B32712003E2BBC /* ResultView.swift */,
			);
			path = View;
			sourceTree = "<group>";
		};
		664B32BF22B326CD003E2BBC /* View Model */ = {
			isa = PBXGroup;
			children = (
				664B32C022B326EA003E2BBC /* ResultViewModel.swift */,
			);
			path = "View Model";
			sourceTree = "<group>";
		};
		6664699022AD30FD00EC2C00 = {
			isa = PBXGroup;
			children = (
				6664699B22AD30FD00EC2C00 /* Split Bill */,
				666469B022AD30FE00EC2C00 /* Split BillTests */,
				666469BB22AD30FE00EC2C00 /* Split BillUITests */,
				6664699A22AD30FD00EC2C00 /* Products */,
				7706FE4E75F89FB95363C8DD /* Pods */,
				7F913779A37408B694A5ADC8 /* Frameworks */,
			);
			sourceTree = "<group>";
		};
		6664699A22AD30FD00EC2C00 /* Products */ = {
			isa = PBXGroup;
			children = (
				6664699922AD30FD00EC2C00 /* Split Bill.app */,
				666469AD22AD30FE00EC2C00 /* Split BillTests.xctest */,
				666469B822AD30FE00EC2C00 /* Split BillUITests.xctest */,
			);
			name = Products;
			sourceTree = "<group>";
		};
		6664699B22AD30FD00EC2C00 /* Split Bill */ = {
			isa = PBXGroup;
			children = (
				F86C964923C0F6A600BF865F /* History */,
				F86C963E23C0340900BF865F /* Database */,
				66A67EFF22B5A952006C8916 /* CustomViews */,
				661FB37A22AD9FC9002D1BE2 /* Utilities */,
				661FB37322AD67A6002D1BE2 /* Model */,
				66A9A9E822AD3DBE003E25D0 /* People */,
				666469CC22AD313B00EC2C00 /* Result */,
				666469CB22AD312D00EC2C00 /* Tip */,
				666469CA22AD311F00EC2C00 /* Amount */,
				6664699C22AD30FD00EC2C00 /* AppDelegate.swift */,
				666469A322AD30FE00EC2C00 /* Assets.xcassets */,
				666469A522AD30FE00EC2C00 /* LaunchScreen.storyboard */,
				666469A822AD30FE00EC2C00 /* Info.plist */,
			);
			path = "Split Bill";
			sourceTree = "<group>";
		};
		666469B022AD30FE00EC2C00 /* Split BillTests */ = {
			isa = PBXGroup;
			children = (
				666469B122AD30FE00EC2C00 /* Split_BillTests.swift */,
				666469B322AD30FE00EC2C00 /* Info.plist */,
			);
			path = "Split BillTests";
			sourceTree = "<group>";
		};
		666469BB22AD30FE00EC2C00 /* Split BillUITests */ = {
			isa = PBXGroup;
			children = (
				666469BC22AD30FE00EC2C00 /* Split_BillUITests.swift */,
				666469BE22AD30FE00EC2C00 /* Info.plist */,
			);
			path = "Split BillUITests";
			sourceTree = "<group>";
		};
		666469CA22AD311F00EC2C00 /* Amount */ = {
			isa = PBXGroup;
			children = (
				666469D222AD317500EC2C00 /* View Model */,
				666469D122AD316500EC2C00 /* View */,
			);
			path = Amount;
			sourceTree = "<group>";
		};
		666469CB22AD312D00EC2C00 /* Tip */ = {
			isa = PBXGroup;
			children = (
				66FFD04122B1806C00CEEF91 /* View Model */,
				66FFD04022B1806000CEEF91 /* View */,
			);
			path = Tip;
			sourceTree = "<group>";
		};
		666469CC22AD313B00EC2C00 /* Result */ = {
			isa = PBXGroup;
			children = (
				F86C964423C0401200BF865F /* Repository */,
				664B32BF22B326CD003E2BBC /* View Model */,
				661FB37F22ADABF7002D1BE2 /* View */,
			);
			path = Result;
			sourceTree = "<group>";
		};
		666469D122AD316500EC2C00 /* View */ = {
			isa = PBXGroup;
			children = (
				666469CD22AD315D00EC2C00 /* AmountViewController.swift */,
				66A9A9E622AD3436003E25D0 /* Amount.storyboard */,
				661FB37622AD68B3002D1BE2 /* AmountView.swift */,
			);
			path = View;
			sourceTree = "<group>";
		};
		666469D222AD317500EC2C00 /* View Model */ = {
			isa = PBXGroup;
			children = (
				661FB37822AD69C0002D1BE2 /* AmountViewModel.swift */,
			);
			path = "View Model";
			sourceTree = "<group>";
		};
		66A67EFF22B5A952006C8916 /* CustomViews */ = {
			isa = PBXGroup;
			children = (
				F8D67B3723C21897001F2B8A /* History cell */,
				F8642DB623B210F800F3B917 /* Breakdown view */,
				66A67F0022B5A96E006C8916 /* CardView.swift */,
			);
			path = CustomViews;
			sourceTree = "<group>";
		};
		66A9A9E822AD3DBE003E25D0 /* People */ = {
			isa = PBXGroup;
			children = (
				66A9A9EA22AD3DD5003E25D0 /* View Model */,
				66A9A9E922AD3DCC003E25D0 /* View */,
			);
			path = People;
			sourceTree = "<group>";
		};
		66A9A9E922AD3DCC003E25D0 /* View */ = {
			isa = PBXGroup;
			children = (
				66A9A9EB22AD3DF7003E25D0 /* PeopleViewController.swift */,
				66A9A9ED22AD3E0C003E25D0 /* People.storyboard */,
				66FFD03E22B1721000CEEF91 /* PeopleView.swift */,
			);
			path = View;
			sourceTree = "<group>";
		};
		66A9A9EA22AD3DD5003E25D0 /* View Model */ = {
			isa = PBXGroup;
			children = (
				661FB38222ADB10E002D1BE2 /* PeopleViewModel.swift */,
			);
			path = "View Model";
			sourceTree = "<group>";
		};
		66FFD04022B1806000CEEF91 /* View */ = {
			isa = PBXGroup;
			children = (
				66452A7122AD44EA00353ED6 /* TipViewController.swift */,
				66452A7322AD44FB00353ED6 /* Tip.storyboard */,
				66FFD04422B180BE00CEEF91 /* TipView.swift */,
			);
			path = View;
			sourceTree = "<group>";
		};
		66FFD04122B1806C00CEEF91 /* View Model */ = {
			isa = PBXGroup;
			children = (
				66FFD04222B1808500CEEF91 /* TipViewModel.swift */,
			);
			path = "View Model";
			sourceTree = "<group>";
		};
		7706FE4E75F89FB95363C8DD /* Pods */ = {
			isa = PBXGroup;
			children = (
				30597940ED18A95533BED21B /* Pods-Split Bill.debug.xcconfig */,
				4B7B39078B1CC6948ACE652D /* Pods-Split Bill.release.xcconfig */,
				A30125E312F691AC10BA75AC /* Pods-Split Bill-Split BillUITests.debug.xcconfig */,
				C38A0B5347BAF4AEDB633F14 /* Pods-Split Bill-Split BillUITests.release.xcconfig */,
				0FB81943B911DAD0023ABBB9 /* Pods-Split BillTests.debug.xcconfig */,
				481C0B143767EA37182942D2 /* Pods-Split BillTests.release.xcconfig */,
			);
			path = Pods;
			sourceTree = "<group>";
		};
		7F913779A37408B694A5ADC8 /* Frameworks */ = {
			isa = PBXGroup;
			children = (
				5849E71436ACE9DBCC1FB20E /* Pods_Split_Bill.framework */,
				ECA1B9D6957883283736CAB1 /* Pods_Split_Bill_Split_BillUITests.framework */,
				755945D1272FE3CA3080FCBC /* Pods_Split_BillTests.framework */,
			);
			name = Frameworks;
			sourceTree = "<group>";
		};
		F8642DB623B210F800F3B917 /* Breakdown view */ = {
			isa = PBXGroup;
			children = (
				662E128722B823AC0083EBB6 /* BreakdownView.swift */,
				662E128922B824070083EBB6 /* BreakdownView.xib */,
			);
			path = "Breakdown view";
			sourceTree = "<group>";
		};
		F86C963E23C0340900BF865F /* Database */ = {
			isa = PBXGroup;
			children = (
				F86C964223C0366400BF865F /* BillObject.swift */,
				F86C963F23C0341C00BF865F /* DatabaseManager.swift */,
			);
			path = Database;
			sourceTree = "<group>";
		};
		F86C964423C0401200BF865F /* Repository */ = {
			isa = PBXGroup;
			children = (
				F86C964523C0402800BF865F /* ResultRepository.swift */,
				F86C964723C0406900BF865F /* ResultRepositoryImplementation.swift */,
			);
			path = Repository;
			sourceTree = "<group>";
		};
		F86C964923C0F6A600BF865F /* History */ = {
			isa = PBXGroup;
			children = (
				F86C965423C1007B00BF865F /* Repository */,
				F86C964B23C0F6DB00BF865F /* View Model */,
				F86C964A23C0F6D500BF865F /* View */,
			);
			path = History;
			sourceTree = "<group>";
		};
		F86C964A23C0F6D500BF865F /* View */ = {
			isa = PBXGroup;
			children = (
				F86C964E23C0F71300BF865F /* HistoryView.swift */,
				F86C965023C0F72F00BF865F /* HistoryTableViewController.swift */,
				F86C965223C0F75200BF865F /* History.storyboard */,
			);
			path = View;
			sourceTree = "<group>";
		};
		F86C964B23C0F6DB00BF865F /* View Model */ = {
			isa = PBXGroup;
			children = (
				F86C964C23C0F6F900BF865F /* HistoryViewModel.swift */,
			);
			path = "View Model";
			sourceTree = "<group>";
		};
		F86C965423C1007B00BF865F /* Repository */ = {
			isa = PBXGroup;
			children = (
				F86C965523C1009000BF865F /* HistoryRepository.swift */,
				F86C965723C100A300BF865F /* HistoryRepositoryImplementation.swift */,
			);
			path = Repository;
			sourceTree = "<group>";
		};
		F8D67B3723C21897001F2B8A /* History cell */ = {
			isa = PBXGroup;
			children = (
				F8D67B3823C218B5001F2B8A /* HistoryTableViewCell.swift */,
			);
			path = "History cell";
			sourceTree = "<group>";
		};
/* End PBXGroup section */

/* Begin PBXNativeTarget section */
		6664699822AD30FD00EC2C00 /* Split Bill */ = {
			isa = PBXNativeTarget;
			buildConfigurationList = 666469C122AD30FE00EC2C00 /* Build configuration list for PBXNativeTarget "Split Bill" */;
			buildPhases = (
				38F0924AE60EFCAD028BE6F5 /* [CP] Check Pods Manifest.lock */,
				6664699522AD30FD00EC2C00 /* Sources */,
				6664699622AD30FD00EC2C00 /* Frameworks */,
				6664699722AD30FD00EC2C00 /* Resources */,
				421DE3D42E086C2D5CA3AD1F /* [CP] Embed Pods Frameworks */,
			);
			buildRules = (
			);
			dependencies = (
			);
			name = "Split Bill";
			productName = "Split Bill";
			productReference = 6664699922AD30FD00EC2C00 /* Split Bill.app */;
			productType = "com.apple.product-type.application";
		};
		666469AC22AD30FE00EC2C00 /* Split BillTests */ = {
			isa = PBXNativeTarget;
			buildConfigurationList = 666469C422AD30FE00EC2C00 /* Build configuration list for PBXNativeTarget "Split BillTests" */;
			buildPhases = (
				08068B922EF2F10EA06BF78D /* [CP] Check Pods Manifest.lock */,
				666469A922AD30FE00EC2C00 /* Sources */,
				666469AA22AD30FE00EC2C00 /* Frameworks */,
				666469AB22AD30FE00EC2C00 /* Resources */,
			);
			buildRules = (
			);
			dependencies = (
				666469AF22AD30FE00EC2C00 /* PBXTargetDependency */,
			);
			name = "Split BillTests";
			productName = "Split BillTests";
			productReference = 666469AD22AD30FE00EC2C00 /* Split BillTests.xctest */;
			productType = "com.apple.product-type.bundle.unit-test";
		};
		666469B722AD30FE00EC2C00 /* Split BillUITests */ = {
			isa = PBXNativeTarget;
			buildConfigurationList = 666469C722AD30FE00EC2C00 /* Build configuration list for PBXNativeTarget "Split BillUITests" */;
			buildPhases = (
				934936F4D39D76B6461D342B /* [CP] Check Pods Manifest.lock */,
				666469B422AD30FE00EC2C00 /* Sources */,
				666469B522AD30FE00EC2C00 /* Frameworks */,
				666469B622AD30FE00EC2C00 /* Resources */,
				6520E45C0E10D442B34C64A2 /* [CP] Embed Pods Frameworks */,
			);
			buildRules = (
			);
			dependencies = (
				666469BA22AD30FE00EC2C00 /* PBXTargetDependency */,
			);
			name = "Split BillUITests";
			productName = "Split BillUITests";
			productReference = 666469B822AD30FE00EC2C00 /* Split BillUITests.xctest */;
			productType = "com.apple.product-type.bundle.ui-testing";
		};
/* End PBXNativeTarget section */

/* Begin PBXProject section */
		6664699122AD30FD00EC2C00 /* Project object */ = {
			isa = PBXProject;
			attributes = {
				LastSwiftUpdateCheck = 1020;
				LastUpgradeCheck = 1020;
				ORGANIZATIONNAME = "Sashen Pillay";
				TargetAttributes = {
					6664699822AD30FD00EC2C00 = {
						CreatedOnToolsVersion = 10.2.1;
						LastSwiftMigration = 1130;
					};
					666469AC22AD30FE00EC2C00 = {
						CreatedOnToolsVersion = 10.2.1;
						LastSwiftMigration = 1130;
						TestTargetID = 6664699822AD30FD00EC2C00;
					};
					666469B722AD30FE00EC2C00 = {
						CreatedOnToolsVersion = 10.2.1;
						LastSwiftMigration = 1130;
						TestTargetID = 6664699822AD30FD00EC2C00;
					};
				};
			};
			buildConfigurationList = 6664699422AD30FD00EC2C00 /* Build configuration list for PBXProject "Split Bill" */;
			compatibilityVersion = "Xcode 9.3";
			developmentRegion = en;
			hasScannedForEncodings = 0;
			knownRegions = (
				en,
				Base,
			);
			mainGroup = 6664699022AD30FD00EC2C00;
			productRefGroup = 6664699A22AD30FD00EC2C00 /* Products */;
			projectDirPath = "";
			projectRoot = "";
			targets = (
				6664699822AD30FD00EC2C00 /* Split Bill */,
				666469AC22AD30FE00EC2C00 /* Split BillTests */,
				666469B722AD30FE00EC2C00 /* Split BillUITests */,
			);
		};
/* End PBXProject section */

/* Begin PBXResourcesBuildPhase section */
		6664699722AD30FD00EC2C00 /* Resources */ = {
			isa = PBXResourcesBuildPhase;
			buildActionMask = 2147483647;
			files = (
				666469A722AD30FE00EC2C00 /* LaunchScreen.storyboard in Resources */,
				662E128A22B824070083EBB6 /* BreakdownView.xib in Resources */,
				661FB38122ADAC11002D1BE2 /* Result.storyboard in Resources */,
				66452A7422AD44FB00353ED6 /* Tip.storyboard in Resources */,
				66A9A9EE22AD3E0C003E25D0 /* People.storyboard in Resources */,
				666469A422AD30FE00EC2C00 /* Assets.xcassets in Resources */,
				66A9A9E722AD3436003E25D0 /* Amount.storyboard in Resources */,
				F86C965323C0F75200BF865F /* History.storyboard in Resources */,
			);
			runOnlyForDeploymentPostprocessing = 0;
		};
		666469AB22AD30FE00EC2C00 /* Resources */ = {
			isa = PBXResourcesBuildPhase;
			buildActionMask = 2147483647;
			files = (
			);
			runOnlyForDeploymentPostprocessing = 0;
		};
		666469B622AD30FE00EC2C00 /* Resources */ = {
			isa = PBXResourcesBuildPhase;
			buildActionMask = 2147483647;
			files = (
			);
			runOnlyForDeploymentPostprocessing = 0;
		};
/* End PBXResourcesBuildPhase section */

/* Begin PBXShellScriptBuildPhase section */
		08068B922EF2F10EA06BF78D /* [CP] Check Pods Manifest.lock */ = {
			isa = PBXShellScriptBuildPhase;
			buildActionMask = 2147483647;
			files = (
			);
			inputFileListPaths = (
			);
			inputPaths = (
				"${PODS_PODFILE_DIR_PATH}/Podfile.lock",
				"${PODS_ROOT}/Manifest.lock",
			);
			name = "[CP] Check Pods Manifest.lock";
			outputFileListPaths = (
			);
			outputPaths = (
				"$(DERIVED_FILE_DIR)/Pods-Split BillTests-checkManifestLockResult.txt",
			);
			runOnlyForDeploymentPostprocessing = 0;
			shellPath = /bin/sh;
			shellScript = "diff \"${PODS_PODFILE_DIR_PATH}/Podfile.lock\" \"${PODS_ROOT}/Manifest.lock\" > /dev/null\nif [ $? != 0 ] ; then\n    # print error to STDERR\n    echo \"error: The sandbox is not in sync with the Podfile.lock. Run 'pod install' or update your CocoaPods installation.\" >&2\n    exit 1\nfi\n# This output is used by Xcode 'outputs' to avoid re-running this script phase.\necho \"SUCCESS\" > \"${SCRIPT_OUTPUT_FILE_0}\"\n";
			showEnvVarsInLog = 0;
		};
		38F0924AE60EFCAD028BE6F5 /* [CP] Check Pods Manifest.lock */ = {
			isa = PBXShellScriptBuildPhase;
			buildActionMask = 2147483647;
			files = (
			);
			inputFileListPaths = (
			);
			inputPaths = (
				"${PODS_PODFILE_DIR_PATH}/Podfile.lock",
				"${PODS_ROOT}/Manifest.lock",
			);
			name = "[CP] Check Pods Manifest.lock";
			outputFileListPaths = (
			);
			outputPaths = (
				"$(DERIVED_FILE_DIR)/Pods-Split Bill-checkManifestLockResult.txt",
			);
			runOnlyForDeploymentPostprocessing = 0;
			shellPath = /bin/sh;
			shellScript = "diff \"${PODS_PODFILE_DIR_PATH}/Podfile.lock\" \"${PODS_ROOT}/Manifest.lock\" > /dev/null\nif [ $? != 0 ] ; then\n    # print error to STDERR\n    echo \"error: The sandbox is not in sync with the Podfile.lock. Run 'pod install' or update your CocoaPods installation.\" >&2\n    exit 1\nfi\n# This output is used by Xcode 'outputs' to avoid re-running this script phase.\necho \"SUCCESS\" > \"${SCRIPT_OUTPUT_FILE_0}\"\n";
			showEnvVarsInLog = 0;
		};
		421DE3D42E086C2D5CA3AD1F /* [CP] Embed Pods Frameworks */ = {
			isa = PBXShellScriptBuildPhase;
			buildActionMask = 2147483647;
			files = (
			);
			inputFileListPaths = (
				"${PODS_ROOT}/Target Support Files/Pods-Split Bill/Pods-Split Bill-frameworks-${CONFIGURATION}-input-files.xcfilelist",
			);
			name = "[CP] Embed Pods Frameworks";
			outputFileListPaths = (
				"${PODS_ROOT}/Target Support Files/Pods-Split Bill/Pods-Split Bill-frameworks-${CONFIGURATION}-output-files.xcfilelist",
			);
			runOnlyForDeploymentPostprocessing = 0;
			shellPath = /bin/sh;
			shellScript = "\"${PODS_ROOT}/Target Support Files/Pods-Split Bill/Pods-Split Bill-frameworks.sh\"\n";
			showEnvVarsInLog = 0;
		};
		6520E45C0E10D442B34C64A2 /* [CP] Embed Pods Frameworks */ = {
			isa = PBXShellScriptBuildPhase;
			buildActionMask = 2147483647;
			files = (
			);
			inputFileListPaths = (
				"${PODS_ROOT}/Target Support Files/Pods-Split Bill-Split BillUITests/Pods-Split Bill-Split BillUITests-frameworks-${CONFIGURATION}-input-files.xcfilelist",
			);
			name = "[CP] Embed Pods Frameworks";
			outputFileListPaths = (
				"${PODS_ROOT}/Target Support Files/Pods-Split Bill-Split BillUITests/Pods-Split Bill-Split BillUITests-frameworks-${CONFIGURATION}-output-files.xcfilelist",
			);
			runOnlyForDeploymentPostprocessing = 0;
			shellPath = /bin/sh;
			shellScript = "\"${PODS_ROOT}/Target Support Files/Pods-Split Bill-Split BillUITests/Pods-Split Bill-Split BillUITests-frameworks.sh\"\n";
			showEnvVarsInLog = 0;
		};
		934936F4D39D76B6461D342B /* [CP] Check Pods Manifest.lock */ = {
			isa = PBXShellScriptBuildPhase;
			buildActionMask = 2147483647;
			files = (
			);
			inputFileListPaths = (
			);
			inputPaths = (
				"${PODS_PODFILE_DIR_PATH}/Podfile.lock",
				"${PODS_ROOT}/Manifest.lock",
			);
			name = "[CP] Check Pods Manifest.lock";
			outputFileListPaths = (
			);
			outputPaths = (
				"$(DERIVED_FILE_DIR)/Pods-Split Bill-Split BillUITests-checkManifestLockResult.txt",
			);
			runOnlyForDeploymentPostprocessing = 0;
			shellPath = /bin/sh;
			shellScript = "diff \"${PODS_PODFILE_DIR_PATH}/Podfile.lock\" \"${PODS_ROOT}/Manifest.lock\" > /dev/null\nif [ $? != 0 ] ; then\n    # print error to STDERR\n    echo \"error: The sandbox is not in sync with the Podfile.lock. Run 'pod install' or update your CocoaPods installation.\" >&2\n    exit 1\nfi\n# This output is used by Xcode 'outputs' to avoid re-running this script phase.\necho \"SUCCESS\" > \"${SCRIPT_OUTPUT_FILE_0}\"\n";
			showEnvVarsInLog = 0;
		};
/* End PBXShellScriptBuildPhase section */

/* Begin PBXSourcesBuildPhase section */
		6664699522AD30FD00EC2C00 /* Sources */ = {
			isa = PBXSourcesBuildPhase;
			buildActionMask = 2147483647;
			files = (
				6634CA6522B5886A00C8663A /* Currency.swift in Sources */,
				661FB37922AD69C0002D1BE2 /* AmountViewModel.swift in Sources */,
				664B32C122B326EA003E2BBC /* ResultViewModel.swift in Sources */,
				66FFD04522B180BE00CEEF91 /* TipView.swift in Sources */,
				661FB37C22AD9FDC002D1BE2 /* NumberConverter.swift in Sources */,
				F86C965123C0F72F00BF865F /* HistoryTableViewController.swift in Sources */,
				6664699D22AD30FD00EC2C00 /* AppDelegate.swift in Sources */,
				F8D67B3923C218B5001F2B8A /* HistoryTableViewCell.swift in Sources */,
				6634CA6322B5708600C8663A /* NumberManipulator.swift in Sources */,
				66A67F0122B5A96E006C8916 /* CardView.swift in Sources */,
				F86C965823C100A300BF865F /* HistoryRepositoryImplementation.swift in Sources */,
				F86C964323C0366400BF865F /* BillObject.swift in Sources */,
				F86C964D23C0F6F900BF865F /* HistoryViewModel.swift in Sources */,
				664B32C322B32712003E2BBC /* ResultView.swift in Sources */,
				661FB38322ADB10F002D1BE2 /* PeopleViewModel.swift in Sources */,
				F86C964623C0402800BF865F /* ResultRepository.swift in Sources */,
				661FB37522AD67B9002D1BE2 /* Bill.swift in Sources */,
				661FB37722AD68B3002D1BE2 /* AmountView.swift in Sources */,
				66FFD03F22B1721000CEEF91 /* PeopleView.swift in Sources */,
				F86C964F23C0F71300BF865F /* HistoryView.swift in Sources */,
				664B32BE22B326BC003E2BBC /* ResultViewController.swift in Sources */,
				666469CF22AD315D00EC2C00 /* AmountViewController.swift in Sources */,
				66452A7222AD44EA00353ED6 /* TipViewController.swift in Sources */,
				66FFD04322B1808500CEEF91 /* TipViewModel.swift in Sources */,
				F86C964823C0406900BF865F /* ResultRepositoryImplementation.swift in Sources */,
				F8DA272E23E6A46900F8868B /* LocationUtility.swift in Sources */,
				F86C965623C1009000BF865F /* HistoryRepository.swift in Sources */,
				662E128822B823AC0083EBB6 /* BreakdownView.swift in Sources */,
				66A9A9EC22AD3DF7003E25D0 /* PeopleViewController.swift in Sources */,
				F86C964023C0341C00BF865F /* DatabaseManager.swift in Sources */,
			);
			runOnlyForDeploymentPostprocessing = 0;
		};
		666469A922AD30FE00EC2C00 /* Sources */ = {
			isa = PBXSourcesBuildPhase;
			buildActionMask = 2147483647;
			files = (
				666469B222AD30FE00EC2C00 /* Split_BillTests.swift in Sources */,
			);
			runOnlyForDeploymentPostprocessing = 0;
		};
		666469B422AD30FE00EC2C00 /* Sources */ = {
			isa = PBXSourcesBuildPhase;
			buildActionMask = 2147483647;
			files = (
				666469BD22AD30FE00EC2C00 /* Split_BillUITests.swift in Sources */,
			);
			runOnlyForDeploymentPostprocessing = 0;
		};
/* End PBXSourcesBuildPhase section */

/* Begin PBXTargetDependency section */
		666469AF22AD30FE00EC2C00 /* PBXTargetDependency */ = {
			isa = PBXTargetDependency;
			target = 6664699822AD30FD00EC2C00 /* Split Bill */;
			targetProxy = 666469AE22AD30FE00EC2C00 /* PBXContainerItemProxy */;
		};
		666469BA22AD30FE00EC2C00 /* PBXTargetDependency */ = {
			isa = PBXTargetDependency;
			target = 6664699822AD30FD00EC2C00 /* Split Bill */;
			targetProxy = 666469B922AD30FE00EC2C00 /* PBXContainerItemProxy */;
		};
/* End PBXTargetDependency section */

/* Begin PBXVariantGroup section */
		666469A522AD30FE00EC2C00 /* LaunchScreen.storyboard */ = {
			isa = PBXVariantGroup;
			children = (
				666469A622AD30FE00EC2C00 /* Base */,
			);
			name = LaunchScreen.storyboard;
			sourceTree = "<group>";
		};
/* End PBXVariantGroup section */

/* Begin XCBuildConfiguration section */
		666469BF22AD30FE00EC2C00 /* Debug */ = {
			isa = XCBuildConfiguration;
			buildSettings = {
				ALWAYS_SEARCH_USER_PATHS = NO;
				CLANG_ANALYZER_NONNULL = YES;
				CLANG_ANALYZER_NUMBER_OBJECT_CONVERSION = YES_AGGRESSIVE;
				CLANG_CXX_LANGUAGE_STANDARD = "gnu++14";
				CLANG_CXX_LIBRARY = "libc++";
				CLANG_ENABLE_MODULES = YES;
				CLANG_ENABLE_OBJC_ARC = YES;
				CLANG_ENABLE_OBJC_WEAK = YES;
				CLANG_WARN_BLOCK_CAPTURE_AUTORELEASING = YES;
				CLANG_WARN_BOOL_CONVERSION = YES;
				CLANG_WARN_COMMA = YES;
				CLANG_WARN_CONSTANT_CONVERSION = YES;
				CLANG_WARN_DEPRECATED_OBJC_IMPLEMENTATIONS = YES;
				CLANG_WARN_DIRECT_OBJC_ISA_USAGE = YES_ERROR;
				CLANG_WARN_DOCUMENTATION_COMMENTS = YES;
				CLANG_WARN_EMPTY_BODY = YES;
				CLANG_WARN_ENUM_CONVERSION = YES;
				CLANG_WARN_INFINITE_RECURSION = YES;
				CLANG_WARN_INT_CONVERSION = YES;
				CLANG_WARN_NON_LITERAL_NULL_CONVERSION = YES;
				CLANG_WARN_OBJC_IMPLICIT_RETAIN_SELF = YES;
				CLANG_WARN_OBJC_LITERAL_CONVERSION = YES;
				CLANG_WARN_OBJC_ROOT_CLASS = YES_ERROR;
				CLANG_WARN_RANGE_LOOP_ANALYSIS = YES;
				CLANG_WARN_STRICT_PROTOTYPES = YES;
				CLANG_WARN_SUSPICIOUS_MOVE = YES;
				CLANG_WARN_UNGUARDED_AVAILABILITY = YES_AGGRESSIVE;
				CLANG_WARN_UNREACHABLE_CODE = YES;
				CLANG_WARN__DUPLICATE_METHOD_MATCH = YES;
				CODE_SIGN_IDENTITY = "iPhone Developer";
				COPY_PHASE_STRIP = NO;
				DEBUG_INFORMATION_FORMAT = dwarf;
				ENABLE_STRICT_OBJC_MSGSEND = YES;
				ENABLE_TESTABILITY = YES;
				GCC_C_LANGUAGE_STANDARD = gnu11;
				GCC_DYNAMIC_NO_PIC = NO;
				GCC_NO_COMMON_BLOCKS = YES;
				GCC_OPTIMIZATION_LEVEL = 0;
				GCC_PREPROCESSOR_DEFINITIONS = (
					"DEBUG=1",
					"$(inherited)",
				);
				GCC_WARN_64_TO_32_BIT_CONVERSION = YES;
				GCC_WARN_ABOUT_RETURN_TYPE = YES_ERROR;
				GCC_WARN_UNDECLARED_SELECTOR = YES;
				GCC_WARN_UNINITIALIZED_AUTOS = YES_AGGRESSIVE;
				GCC_WARN_UNUSED_FUNCTION = YES;
				GCC_WARN_UNUSED_VARIABLE = YES;
				IPHONEOS_DEPLOYMENT_TARGET = 12.0;
				MTL_ENABLE_DEBUG_INFO = INCLUDE_SOURCE;
				MTL_FAST_MATH = YES;
				ONLY_ACTIVE_ARCH = YES;
				SDKROOT = iphoneos;
				SWIFT_ACTIVE_COMPILATION_CONDITIONS = DEBUG;
				SWIFT_OPTIMIZATION_LEVEL = "-Onone";
			};
			name = Debug;
		};
		666469C022AD30FE00EC2C00 /* Release */ = {
			isa = XCBuildConfiguration;
			buildSettings = {
				ALWAYS_SEARCH_USER_PATHS = NO;
				CLANG_ANALYZER_NONNULL = YES;
				CLANG_ANALYZER_NUMBER_OBJECT_CONVERSION = YES_AGGRESSIVE;
				CLANG_CXX_LANGUAGE_STANDARD = "gnu++14";
				CLANG_CXX_LIBRARY = "libc++";
				CLANG_ENABLE_MODULES = YES;
				CLANG_ENABLE_OBJC_ARC = YES;
				CLANG_ENABLE_OBJC_WEAK = YES;
				CLANG_WARN_BLOCK_CAPTURE_AUTORELEASING = YES;
				CLANG_WARN_BOOL_CONVERSION = YES;
				CLANG_WARN_COMMA = YES;
				CLANG_WARN_CONSTANT_CONVERSION = YES;
				CLANG_WARN_DEPRECATED_OBJC_IMPLEMENTATIONS = YES;
				CLANG_WARN_DIRECT_OBJC_ISA_USAGE = YES_ERROR;
				CLANG_WARN_DOCUMENTATION_COMMENTS = YES;
				CLANG_WARN_EMPTY_BODY = YES;
				CLANG_WARN_ENUM_CONVERSION = YES;
				CLANG_WARN_INFINITE_RECURSION = YES;
				CLANG_WARN_INT_CONVERSION = YES;
				CLANG_WARN_NON_LITERAL_NULL_CONVERSION = YES;
				CLANG_WARN_OBJC_IMPLICIT_RETAIN_SELF = YES;
				CLANG_WARN_OBJC_LITERAL_CONVERSION = YES;
				CLANG_WARN_OBJC_ROOT_CLASS = YES_ERROR;
				CLANG_WARN_RANGE_LOOP_ANALYSIS = YES;
				CLANG_WARN_STRICT_PROTOTYPES = YES;
				CLANG_WARN_SUSPICIOUS_MOVE = YES;
				CLANG_WARN_UNGUARDED_AVAILABILITY = YES_AGGRESSIVE;
				CLANG_WARN_UNREACHABLE_CODE = YES;
				CLANG_WARN__DUPLICATE_METHOD_MATCH = YES;
				CODE_SIGN_IDENTITY = "iPhone Developer";
				COPY_PHASE_STRIP = NO;
				DEBUG_INFORMATION_FORMAT = "dwarf-with-dsym";
				ENABLE_NS_ASSERTIONS = NO;
				ENABLE_STRICT_OBJC_MSGSEND = YES;
				GCC_C_LANGUAGE_STANDARD = gnu11;
				GCC_NO_COMMON_BLOCKS = YES;
				GCC_WARN_64_TO_32_BIT_CONVERSION = YES;
				GCC_WARN_ABOUT_RETURN_TYPE = YES_ERROR;
				GCC_WARN_UNDECLARED_SELECTOR = YES;
				GCC_WARN_UNINITIALIZED_AUTOS = YES_AGGRESSIVE;
				GCC_WARN_UNUSED_FUNCTION = YES;
				GCC_WARN_UNUSED_VARIABLE = YES;
				IPHONEOS_DEPLOYMENT_TARGET = 12.0;
				MTL_ENABLE_DEBUG_INFO = NO;
				MTL_FAST_MATH = YES;
				SDKROOT = iphoneos;
				SWIFT_COMPILATION_MODE = wholemodule;
				SWIFT_OPTIMIZATION_LEVEL = "-O";
				VALIDATE_PRODUCT = YES;
			};
			name = Release;
		};
		666469C222AD30FE00EC2C00 /* Debug */ = {
			isa = XCBuildConfiguration;
			baseConfigurationReference = 30597940ED18A95533BED21B /* Pods-Split Bill.debug.xcconfig */;
			buildSettings = {
				ASSETCATALOG_COMPILER_APPICON_NAME = AppIcon;
				CODE_SIGN_IDENTITY = "iPhone Developer";
				CODE_SIGN_STYLE = Automatic;
				DEVELOPMENT_TEAM = FTKP6RK79J;
				INFOPLIST_FILE = "Split Bill/Info.plist";
				IPHONEOS_DEPLOYMENT_TARGET = 12.1;
				LD_RUNPATH_SEARCH_PATHS = (
					"$(inherited)",
					"@executable_path/Frameworks",
				);
				PRODUCT_BUNDLE_IDENTIFIER = "sashen.pillay.Split-Bill";
				PRODUCT_NAME = "$(TARGET_NAME)";
				PROVISIONING_PROFILE_SPECIFIER = "";
				SWIFT_VERSION = 5.0;
				TARGETED_DEVICE_FAMILY = 1;
			};
			name = Debug;
		};
		666469C322AD30FE00EC2C00 /* Release */ = {
			isa = XCBuildConfiguration;
			baseConfigurationReference = 4B7B39078B1CC6948ACE652D /* Pods-Split Bill.release.xcconfig */;
			buildSettings = {
				ASSETCATALOG_COMPILER_APPICON_NAME = AppIcon;
				CODE_SIGN_IDENTITY = "iPhone Developer";
				CODE_SIGN_STYLE = Automatic;
				DEVELOPMENT_TEAM = FTKP6RK79J;
				INFOPLIST_FILE = "Split Bill/Info.plist";
				IPHONEOS_DEPLOYMENT_TARGET = 12.1;
				LD_RUNPATH_SEARCH_PATHS = (
					"$(inherited)",
					"@executable_path/Frameworks",
				);
				PRODUCT_BUNDLE_IDENTIFIER = "sashen.pillay.Split-Bill";
				PRODUCT_NAME = "$(TARGET_NAME)";
				PROVISIONING_PROFILE_SPECIFIER = "";
				SWIFT_VERSION = 5.0;
				TARGETED_DEVICE_FAMILY = 1;
			};
			name = Release;
		};
		666469C522AD30FE00EC2C00 /* Debug */ = {
			isa = XCBuildConfiguration;
			baseConfigurationReference = 0FB81943B911DAD0023ABBB9 /* Pods-Split BillTests.debug.xcconfig */;
			buildSettings = {
				ALWAYS_EMBED_SWIFT_STANDARD_LIBRARIES = YES;
				BUNDLE_LOADER = "$(TEST_HOST)";
				CODE_SIGN_STYLE = Automatic;
				DEVELOPMENT_TEAM = FTKP6RK79J;
				INFOPLIST_FILE = "Split BillTests/Info.plist";
				IPHONEOS_DEPLOYMENT_TARGET = 12.1;
				LD_RUNPATH_SEARCH_PATHS = (
					"$(inherited)",
					"@executable_path/Frameworks",
					"@loader_path/Frameworks",
				);
				PRODUCT_BUNDLE_IDENTIFIER = "sashen.pillay.Split-BillTests";
				PRODUCT_NAME = "$(TARGET_NAME)";
				SWIFT_VERSION = 5.0;
				TARGETED_DEVICE_FAMILY = "1,2";
				TEST_HOST = "$(BUILT_PRODUCTS_DIR)/Split Bill.app/Split Bill";
			};
			name = Debug;
		};
		666469C622AD30FE00EC2C00 /* Release */ = {
			isa = XCBuildConfiguration;
			baseConfigurationReference = 481C0B143767EA37182942D2 /* Pods-Split BillTests.release.xcconfig */;
			buildSettings = {
				ALWAYS_EMBED_SWIFT_STANDARD_LIBRARIES = YES;
				BUNDLE_LOADER = "$(TEST_HOST)";
				CODE_SIGN_STYLE = Automatic;
				DEVELOPMENT_TEAM = FTKP6RK79J;
				INFOPLIST_FILE = "Split BillTests/Info.plist";
				IPHONEOS_DEPLOYMENT_TARGET = 12.1;
				LD_RUNPATH_SEARCH_PATHS = (
					"$(inherited)",
					"@executable_path/Frameworks",
					"@loader_path/Frameworks",
				);
				PRODUCT_BUNDLE_IDENTIFIER = "sashen.pillay.Split-BillTests";
				PRODUCT_NAME = "$(TARGET_NAME)";
				SWIFT_VERSION = 5.0;
				TARGETED_DEVICE_FAMILY = "1,2";
				TEST_HOST = "$(BUILT_PRODUCTS_DIR)/Split Bill.app/Split Bill";
			};
			name = Release;
		};
		666469C822AD30FE00EC2C00 /* Debug */ = {
			isa = XCBuildConfiguration;
			baseConfigurationReference = A30125E312F691AC10BA75AC /* Pods-Split Bill-Split BillUITests.debug.xcconfig */;
			buildSettings = {
				ALWAYS_EMBED_SWIFT_STANDARD_LIBRARIES = YES;
				CODE_SIGN_STYLE = Automatic;
				DEVELOPMENT_TEAM = FTKP6RK79J;
				INFOPLIST_FILE = "Split BillUITests/Info.plist";
				IPHONEOS_DEPLOYMENT_TARGET = 12.1;
				LD_RUNPATH_SEARCH_PATHS = (
					"$(inherited)",
					"@executable_path/Frameworks",
					"@loader_path/Frameworks",
				);
				PRODUCT_BUNDLE_IDENTIFIER = "sashen.pillay.Split-BillUITests";
				PRODUCT_NAME = "$(TARGET_NAME)";
				SWIFT_VERSION = 5.0;
				TARGETED_DEVICE_FAMILY = "1,2";
				TEST_TARGET_NAME = "Split Bill";
			};
			name = Debug;
		};
		666469C922AD30FE00EC2C00 /* Release */ = {
			isa = XCBuildConfiguration;
			baseConfigurationReference = C38A0B5347BAF4AEDB633F14 /* Pods-Split Bill-Split BillUITests.release.xcconfig */;
			buildSettings = {
				ALWAYS_EMBED_SWIFT_STANDARD_LIBRARIES = YES;
				CODE_SIGN_STYLE = Automatic;
				DEVELOPMENT_TEAM = FTKP6RK79J;
				INFOPLIST_FILE = "Split BillUITests/Info.plist";
				IPHONEOS_DEPLOYMENT_TARGET = 12.1;
				LD_RUNPATH_SEARCH_PATHS = (
					"$(inherited)",
					"@executable_path/Frameworks",
					"@loader_path/Frameworks",
				);
				PRODUCT_BUNDLE_IDENTIFIER = "sashen.pillay.Split-BillUITests";
				PRODUCT_NAME = "$(TARGET_NAME)";
				SWIFT_VERSION = 5.0;
				TARGETED_DEVICE_FAMILY = "1,2";
				TEST_TARGET_NAME = "Split Bill";
			};
			name = Release;
		};
/* End XCBuildConfiguration section */

/* Begin XCConfigurationList section */
		6664699422AD30FD00EC2C00 /* Build configuration list for PBXProject "Split Bill" */ = {
			isa = XCConfigurationList;
			buildConfigurations = (
				666469BF22AD30FE00EC2C00 /* Debug */,
				666469C022AD30FE00EC2C00 /* Release */,
			);
			defaultConfigurationIsVisible = 0;
			defaultConfigurationName = Release;
		};
		666469C122AD30FE00EC2C00 /* Build configuration list for PBXNativeTarget "Split Bill" */ = {
			isa = XCConfigurationList;
			buildConfigurations = (
				666469C222AD30FE00EC2C00 /* Debug */,
				666469C322AD30FE00EC2C00 /* Release */,
			);
			defaultConfigurationIsVisible = 0;
			defaultConfigurationName = Release;
		};
		666469C422AD30FE00EC2C00 /* Build configuration list for PBXNativeTarget "Split BillTests" */ = {
			isa = XCConfigurationList;
			buildConfigurations = (
				666469C522AD30FE00EC2C00 /* Debug */,
				666469C622AD30FE00EC2C00 /* Release */,
			);
			defaultConfigurationIsVisible = 0;
			defaultConfigurationName = Release;
		};
		666469C722AD30FE00EC2C00 /* Build configuration list for PBXNativeTarget "Split BillUITests" */ = {
			isa = XCConfigurationList;
			buildConfigurations = (
				666469C822AD30FE00EC2C00 /* Debug */,
				666469C922AD30FE00EC2C00 /* Release */,
			);
			defaultConfigurationIsVisible = 0;
			defaultConfigurationName = Release;
		};
/* End XCConfigurationList section */
	};
	rootObject = 6664699122AD30FD00EC2C00 /* Project object */;
}
